github.com/DMarby/jitter v0.0.0-20190312004500-d77fd504dcfa h1:NtaE9hLsBcU0LhFSV1rl2iQLpfUepj2MYXt9NBBMXUg=
github.com/DMarby/jitter v0.0.0-20190312004500-d77fd504dcfa/go.mod h1:j0Yp6kL88yADKYqXdmnzxZSCVXQ5lbd/hXNv8eE+PbQ=
github.com/coreos/go-iptables v0.4.0 h1:wh4UbVs8DhLUbpyq97GLJDKrQMjEDD63T1xE4CrsKzQ=
github.com/coreos/go-iptables v0.4.0/go.mod h1:/mVI274lEDI2ns62jHCDnCyBF9Iwsmekav8Dbxlm1MU=
github.com/google/go-cmp v0.2.0 h1:+dTQ8DZQJz0Mb/HjFlkptS1FeQ4cWSnN941F8aEG4SQ=
github.com/google/go-cmp v0.2.0/go.mod h1:oXzfMopK8JAjlY9xF4vHSVASa0yLyX7SntLO5aqRK0M=
github.com/inconshreveable/mousetrap v1.0.0 h1:Z8tu5sraLXCXIcARxBp/8cbvlwVa7Z1NHg9XEKhtSvM=
github.com/inconshreveable/mousetrap v1.0.0/go.mod h1:PxqpIevigyE2G7u3NXJIT2ANytuPF1OarO4DADm73n8=
github.com/jamiealquiza/envy v1.1.0 h1:Nwh4wqTZ28gDA8zB+wFkhnUpz3CEcO12zotjeqqRoKE=
github.com/jamiealquiza/envy v1.1.0/go.mod h1:MP36BriGCLwEHhi1OU8E9569JNZrjWfCvzG7RsPnHus=
github.com/mdlayher/genetlink v0.0.0-20190405145436-b0a98e0cf7c0 h1:/c1bKFgdfGiaquBHarGX6vfgeLOsoeBsNNCJy45Sv0A=
github.com/mdlayher/genetlink v0.0.0-20190405145436-b0a98e0cf7c0/go.mod h1:JtsO0sM9NO0O/ZmF5U12BDIlYSHJMrd4GkG2HfdwqN8=
github.com/mdlayher/netlink v0.0.0-20190405142641-a9ccf7a71cb0 h1:tGItckqmANzA69cyC4xmUw2wCRuDIswy+Vak313DcT4=
github.com/mdlayher/netlink v0.0.0-20190405142641-a9ccf7a71cb0/go.mod h1:eQB3mZE4aiYnlUsyGGCOpPETfdQq4Jhsgf1fk3cwQaA=
github.com/mdlayher/wireguardctrl v0.0.0-20190408152319-5a3fadf5504f h1:8SMfzqNlSlIUoDRFXReWCK1IXrEGxE2njloezGa6Ioo=
github.com/mdlayher/wireguardctrl v0.0.0-20190408152319-5a3fadf5504f/go.mod h1:Yxdruyd6YFXl76D2x7+d2t2FiM2ixDMLi2WyYSJBEzc=
github.com/mikioh/ipaddr v0.0.0-20190227002745-725a6cbe920e h1:Pa/tBadWnc5p6P32+GcWt20TvPB9dqlDbBn81oWptqE=
github.com/mikioh/ipaddr v0.0.0-20190227002745-725a6cbe920e/go.mod h1:Ickgr2WtCLZ2MDGd4Gr0geeCH5HybhRJbonOgQpvSxc=
github.com/spf13/cobra v0.0.3 h1:ZlrZ4XsMRm04Fr5pSFxBgfND2EBVa1nLpiy1stUsX/8=
github.com/spf13/cobra v0.0.3/go.mod h1:1l0Ry5zgKvJasoi3XT1TypsSe7PqH0Sj9dhYf7v3XqQ=
github.com/spf13/pflag v1.0.3 h1:zPAT6CGy6wXeQ7NtTnaTerfKOsV6V6F8agHXFiazDkg=
github.com/spf13/pflag v1.0.3/go.mod h1:DYY7MBk1bdzusC3SYhjObp+wFpr4gzcvqqNjLnInEg4=
golang.org/x/crypto v0.0.0-20190308221718-c2843e01d9a2/go.mod h1:djNgcEr1/C05ACkg1iLfiJU5Ep61QUkGW8qpdssI0+w=
golang.org/x/crypto v0.0.0-20190404164418-38d8ce5564a5 h1:bselrhR0Or1vomJZC8ZIjWtbDmn9OYFLX5Ik9alpJpE=
golang.org/x/crypto v0.0.0-20190404164418-38d8ce5564a5/go.mod h1:WFFai1msRO1wXaEeE5yQxYXgSfI8pQAWXbQop6sCtWE=
golang.org/x/net v0.0.0-20190311183353-d8887717615a/go.mod h1:t9HGtf8HONx5eT2rtn7q6eTqICYqUVnKs3thJo3Qplg=
golang.org/x/net v0.0.0-20190404232315-eb5bcb51f2a3 h1:0GoQqolDA55aaLxZyTzK/Y2ePZzZTUrRacwib7cNsYQ=
golang.org/x/net v0.0.0-20190404232315-eb5bcb51f2a3/go.mod h1:t9HGtf8HONx5eT2rtn7q6eTqICYqUVnKs3thJo3Qplg=
golang.org/x/sys v0.0.0-20190215142949-d0b11bdaac8a/go.mod h1:STP8DvDyc/dI5b8T5hshtkjS+E42TnysNCUPdjciGhY=
golang.org/x/sys v0.0.0-20190312061237-fead79001313/go.mod h1:h1NjWce9XRLGQEsW7wpKNCjG9DtNlClVuFLEZdDNbEs=
golang.org/x/sys v0.0.0-20190403152447-81d4e9dc473e/go.mod h1:h1NjWce9XRLGQEsW7wpKNCjG9DtNlClVuFLEZdDNbEs=
golang.org/x/sys v0.0.0-20190405154228-4b34438f7a67 h1:1Fzlr8kkDLQwqMP8GxrhptBLqZG/EDpiATneiZHY998=
golang.org/x/sys v0.0.0-20190405154228-4b34438f7a67/go.mod h1:h1NjWce9XRLGQEsW7wpKNCjG9DtNlClVuFLEZdDNbEs=
golang.org/x/text v0.3.0/go.mod h1:NqM8EUOU14njkJ3fqMW+pc6Ldnwhi/IjpwHt7yyuwOQ=
